
Microsoft Visual Studio Solution File, Format Version 12.00
# Visual Studio Version 17
VisualStudioVersion = 17.14.36109.1 d17.14
MinimumVisualStudioVersion = 10.0.40219.1
Project("{FAE04EC0-301F-11D3-BF4B-00C04F79EFBC}") = "JvAndHoldingBoardPayroll9.WebApiLand", "JvAndHoldingBoardPayroll9.WebApiLand\JvAndHoldingBoardPayroll9.WebApiLand.csproj", "{9BBB4E1C-1803-4062-9155-7D6998D702DD}"
EndProject
Project("{FAE04EC0-301F-11D3-BF4B-00C04F79EFBC}") = "JvAndHoldingBoardPayroll9.Data", "JvAndHoldingBoardPayroll9.Data\JvAndHoldingBoardPayroll9.Data.csproj", "{FDCA7FCF-A979-4F2F-BE6D-C07A6362FE06}"
EndProject
Global
	GlobalSection(SolutionConfigurationPlatforms) = preSolution
		Debug|Any CPU = Debug|Any CPU
		Release|Any CPU = Release|Any CPU
	EndGlobalSection
	GlobalSection(ProjectConfigurationPlatforms) = postSolution
		{9BBB4E1C-1803-4062-9155-7D6998D702DD}.Debug|Any CPU.ActiveCfg = Debug|Any CPU
		{9BBB4E1C-1803-4062-9155-7D6998D702DD}.Debug|Any CPU.Build.0 = Debug|Any CPU
		{9BBB4E1C-1803-4062-9155-7D6998D702DD}.Release|Any CPU.ActiveCfg = Release|Any CPU
		{9BBB4E1C-1803-4062-9155-7D6998D702DD}.Release|Any CPU.Build.0 = Release|Any CPU
		{FDCA7FCF-A979-4F2F-BE6D-C07A6362FE06}.Debug|Any CPU.ActiveCfg = Debug|Any CPU
		{FDCA7FCF-A979-4F2F-BE6D-C07A6362FE06}.Debug|Any CPU.Build.0 = Debug|Any CPU
		{FDCA7FCF-A979-4F2F-BE6D-C07A6362FE06}.Release|Any CPU.ActiveCfg = Release|Any CPU
		{FDCA7FCF-A979-4F2F-BE6D-C07A6362FE06}.Release|Any CPU.Build.0 = Release|Any CPU
	EndGlobalSection
	GlobalSection(SolutionProperties) = preSolution
		HideSolutionNode = FALSE
	EndGlobalSection
	GlobalSection(ExtensibilityGlobals) = postSolution
		SolutionGuid = {DE04D8E5-D1C5-4906-BAC5-6566D70CCBA7}
	EndGlobalSection
EndGlobal
